lockfileVersion: 5.4

importers:

  .:
    specifiers:
      '@muravjev/configs-prettier': ^0.1.3
      prettier: ^2.7.1
    dependencies:
      '@muravjev/configs-prettier': 0.1.3_prettier@2.7.1
      prettier: 2.7.1

packages:

  /@muravjev/configs-prettier/0.1.3_prettier@2.7.1:
    resolution: {integrity: sha512-Tqic+PmnmyAlEvDJBIGfxnnUju8jaJ6nug/Kam3iTelJDu9o9QLkyWLXYNi5H8PBFYNr1wSqn2m0o4KzRTY0Ag==}
    peerDependencies:
      prettier: ^2.7.1
    dependencies:
      prettier: 2.7.1
    dev: false

  /prettier/2.7.1:
    resolution: {integrity: sha512-ujppO+MkdPqoVINuDFDRLClm7D78qbDt0/NR+wp5FqEZOoTNAjPHWj17QRhu7geIHJfcNhRk1XVQmF8Bp3ye+g==}
    engines: {node: '>=10.13.0'}
    hasBin: true
    dev: false
